
Microsoft Visual Studio Solution File, Format Version 12.00
# Visual Studio Version 17
VisualStudioVersion = 17.6.33815.320
MinimumVisualStudioVersion = 10.0.40219.1
Project("{FAE04EC0-301F-11D3-BF4B-00C04F79EFBC}") = "Task1", "Task1\Task1.csproj", "{B5DFC560-A49A-4833-BE94-C5B4C7E628FA}"
EndProject
Global
	GlobalSection(SolutionConfigurationPlatforms) = preSolution
		Debug|Any CPU = Debug|Any CPU
		Release|Any CPU = Release|Any CPU
	EndGlobalSection
	GlobalSection(ProjectConfigurationPlatforms) = postSolution
		{B5DFC560-A49A-4833-BE94-C5B4C7E628FA}.Debug|Any CPU.ActiveCfg = Debug|Any CPU
		{B5DFC560-A49A-4833-BE94-C5B4C7E628FA}.Debug|Any CPU.Build.0 = Debug|Any CPU
		{B5DFC560-A49A-4833-BE94-C5B4C7E628FA}.Release|Any CPU.ActiveCfg = Release|Any CPU
		{B5DFC560-A49A-4833-BE94-C5B4C7E628FA}.Release|Any CPU.Build.0 = Release|Any CPU
	EndGlobalSection
	GlobalSection(SolutionProperties) = preSolution
		HideSolutionNode = FALSE
	EndGlobalSection
	GlobalSection(ExtensibilityGlobals) = postSolution
		SolutionGuid = {1D84A731-FF71-4E81-BC5D-A8A5981BE5EC}
	EndGlobalSection
EndGlobal
