
Microsoft Visual Studio Solution File, Format Version 12.00
# Visual Studio Version 17
VisualStudioVersion = 17.6.33815.320
MinimumVisualStudioVersion = 10.0.40219.1
Project("{FAE04EC0-301F-11D3-BF4B-00C04F79EFBC}") = "Task1", "Task1\Task1.csproj", "{33549AF7-3621-4801-B8EA-FF39F3772725}"
EndProject
Project("{FAE04EC0-301F-11D3-BF4B-00C04F79EFBC}") = "Lib", "Lib\Lib.csproj", "{637059F5-160B-4ADE-9882-DC3EF98EA8FB}"
EndProject
Global
	GlobalSection(SolutionConfigurationPlatforms) = preSolution
		Debug|Any CPU = Debug|Any CPU
		Release|Any CPU = Release|Any CPU
	EndGlobalSection
	GlobalSection(ProjectConfigurationPlatforms) = postSolution
		{33549AF7-3621-4801-B8EA-FF39F3772725}.Debug|Any CPU.ActiveCfg = Debug|Any CPU
		{33549AF7-3621-4801-B8EA-FF39F3772725}.Debug|Any CPU.Build.0 = Debug|Any CPU
		{33549AF7-3621-4801-B8EA-FF39F3772725}.Release|Any CPU.ActiveCfg = Release|Any CPU
		{33549AF7-3621-4801-B8EA-FF39F3772725}.Release|Any CPU.Build.0 = Release|Any CPU
		{637059F5-160B-4ADE-9882-DC3EF98EA8FB}.Debug|Any CPU.ActiveCfg = Debug|Any CPU
		{637059F5-160B-4ADE-9882-DC3EF98EA8FB}.Debug|Any CPU.Build.0 = Debug|Any CPU
		{637059F5-160B-4ADE-9882-DC3EF98EA8FB}.Release|Any CPU.ActiveCfg = Release|Any CPU
		{637059F5-160B-4ADE-9882-DC3EF98EA8FB}.Release|Any CPU.Build.0 = Release|Any CPU
	EndGlobalSection
	GlobalSection(SolutionProperties) = preSolution
		HideSolutionNode = FALSE
	EndGlobalSection
	GlobalSection(ExtensibilityGlobals) = postSolution
		SolutionGuid = {184956BF-1274-4CD7-B6F7-9593534A8D48}
	EndGlobalSection
EndGlobal
